
Microsoft Visual Studio Solution File, Format Version 12.00
# Visual Studio Version 16
VisualStudioVersion = 16.0.29709.97
MinimumVisualStudioVersion = 10.0.40219.1
Project("{FAE04EC0-301F-11D3-BF4B-00C04F79EFBC}") = "MotorPlantView", "MotorPlantView\MotorPlantView.csproj", "{D6C7DC56-44C3-4101-81E3-230DC503D96D}"
EndProject
Project("{9A19103F-16F7-4668-BE54-9A1E7A4F7556}") = "MotorPlantBusinessLogic", "MotorPlantBusinessLogic\MotorPlantBusinessLogic.csproj", "{B85184E4-71C7-42C5-8AB4-314A1ABEA338}"
EndProject
Project("{9A19103F-16F7-4668-BE54-9A1E7A4F7556}") = "MotorPlantListImplement", "MotorPlantListImplement\MotorPlantListImplement.csproj", "{C4357D9A-C55D-4E6C-804E-153B43399EDC}"
EndProject
Global
	GlobalSection(SolutionConfigurationPlatforms) = preSolution
		Debug|Any CPU = Debug|Any CPU
		Release|Any CPU = Release|Any CPU
	EndGlobalSection
	GlobalSection(ProjectConfigurationPlatforms) = postSolution
		{D6C7DC56-44C3-4101-81E3-230DC503D96D}.Debug|Any CPU.ActiveCfg = Debug|Any CPU
		{D6C7DC56-44C3-4101-81E3-230DC503D96D}.Debug|Any CPU.Build.0 = Debug|Any CPU
		{D6C7DC56-44C3-4101-81E3-230DC503D96D}.Release|Any CPU.ActiveCfg = Release|Any CPU
		{D6C7DC56-44C3-4101-81E3-230DC503D96D}.Release|Any CPU.Build.0 = Release|Any CPU
		{B85184E4-71C7-42C5-8AB4-314A1ABEA338}.Debug|Any CPU.ActiveCfg = Debug|Any CPU
		{B85184E4-71C7-42C5-8AB4-314A1ABEA338}.Debug|Any CPU.Build.0 = Debug|Any CPU
		{B85184E4-71C7-42C5-8AB4-314A1ABEA338}.Release|Any CPU.ActiveCfg = Release|Any CPU
		{B85184E4-71C7-42C5-8AB4-314A1ABEA338}.Release|Any CPU.Build.0 = Release|Any CPU
		{C4357D9A-C55D-4E6C-804E-153B43399EDC}.Debug|Any CPU.ActiveCfg = Debug|Any CPU
		{C4357D9A-C55D-4E6C-804E-153B43399EDC}.Debug|Any CPU.Build.0 = Debug|Any CPU
		{C4357D9A-C55D-4E6C-804E-153B43399EDC}.Release|Any CPU.ActiveCfg = Release|Any CPU
		{C4357D9A-C55D-4E6C-804E-153B43399EDC}.Release|Any CPU.Build.0 = Release|Any CPU
	EndGlobalSection
	GlobalSection(SolutionProperties) = preSolution
		HideSolutionNode = FALSE
	EndGlobalSection
	GlobalSection(ExtensibilityGlobals) = postSolution
		SolutionGuid = {84AF9CD1-0281-4374-A218-E4957E788F29}
	EndGlobalSection
EndGlobal
